
Microsoft Visual Studio Solution File, Format Version 12.00
# Visual Studio Version 17
VisualStudioVersion = 17.8.34525.116
MinimumVisualStudioVersion = 10.0.40219.1
Project("{8BC9CEB8-8B4A-11D0-8D11-00A0C91BC942}") = "Enigma", "Enigma\Enigma.vcxproj", "{9845B421-F878-498E-A804-82D6A3828E6C}"
EndProject
Global
	GlobalSection(SolutionConfigurationPlatforms) = preSolution
		Debug|x64 = Debug|x64
		Debug|x86 = Debug|x86
		Release|x64 = Release|x64
		Release|x86 = Release|x86
	EndGlobalSection
	GlobalSection(ProjectConfigurationPlatforms) = postSolution
		{9845B421-F878-498E-A804-82D6A3828E6C}.Debug|x64.ActiveCfg = Debug|x64
		{9845B421-F878-498E-A804-82D6A3828E6C}.Debug|x64.Build.0 = Debug|x64
		{9845B421-F878-498E-A804-82D6A3828E6C}.Debug|x86.ActiveCfg = Debug|Win32
		{9845B421-F878-498E-A804-82D6A3828E6C}.Debug|x86.Build.0 = Debug|Win32
		{9845B421-F878-498E-A804-82D6A3828E6C}.Release|x64.ActiveCfg = Release|x64
		{9845B421-F878-498E-A804-82D6A3828E6C}.Release|x64.Build.0 = Release|x64
		{9845B421-F878-498E-A804-82D6A3828E6C}.Release|x86.ActiveCfg = Release|Win32
		{9845B421-F878-498E-A804-82D6A3828E6C}.Release|x86.Build.0 = Release|Win32
	EndGlobalSection
	GlobalSection(SolutionProperties) = preSolution
		HideSolutionNode = FALSE
	EndGlobalSection
	GlobalSection(ExtensibilityGlobals) = postSolution
		SolutionGuid = {65C6E913-8570-49D0-B82D-F2D862295D3D}
	EndGlobalSection
EndGlobal
