
Microsoft Visual Studio Solution File, Format Version 12.00
# Visual Studio Version 17
VisualStudioVersion = 17.8.34525.116
MinimumVisualStudioVersion = 10.0.40219.1
Project("{9A19103F-16F7-4668-BE54-9A1E7A4F7556}") = "WebApplication2a", "WebApplication2a\WebApplication2a.csproj", "{E29E9C42-B6B4-444E-B3C8-ABE7EB982833}"
EndProject
Project("{9A19103F-16F7-4668-BE54-9A1E7A4F7556}") = "WebApplication2a2", "WebApplication2a2\WebApplication2a2.csproj", "{65C1CA0D-4AA1-4253-9E3E-2313569E066A}"
EndProject
Project("{FAE04EC0-301F-11D3-BF4B-00C04F79EFBC}") = "WebApplication2a3", "WebApplication2a3\WebApplication2a3.csproj", "{F34146E4-BD29-44E9-903D-CBBE7DBEF2FC}"
EndProject
Project("{FAE04EC0-301F-11D3-BF4B-00C04F79EFBC}") = "WebApplication2a4", "WebApplication2a4\WebApplication2a4.csproj", "{22FCD5E7-FEB9-46AF-B937-D4D0B1E24C65}"
EndProject
Project("{FAE04EC0-301F-11D3-BF4B-00C04F79EFBC}") = "WebApplication2a5", "WebApplication2a5\WebApplication2a5.csproj", "{B669F76A-E35E-4EE7-A136-59CAD7FAC7B0}"
EndProject
Global
	GlobalSection(SolutionConfigurationPlatforms) = preSolution
		Debug|Any CPU = Debug|Any CPU
		Release|Any CPU = Release|Any CPU
	EndGlobalSection
	GlobalSection(ProjectConfigurationPlatforms) = postSolution
		{E29E9C42-B6B4-444E-B3C8-ABE7EB982833}.Debug|Any CPU.ActiveCfg = Debug|Any CPU
		{E29E9C42-B6B4-444E-B3C8-ABE7EB982833}.Debug|Any CPU.Build.0 = Debug|Any CPU
		{E29E9C42-B6B4-444E-B3C8-ABE7EB982833}.Release|Any CPU.ActiveCfg = Release|Any CPU
		{E29E9C42-B6B4-444E-B3C8-ABE7EB982833}.Release|Any CPU.Build.0 = Release|Any CPU
		{65C1CA0D-4AA1-4253-9E3E-2313569E066A}.Debug|Any CPU.ActiveCfg = Debug|Any CPU
		{65C1CA0D-4AA1-4253-9E3E-2313569E066A}.Debug|Any CPU.Build.0 = Debug|Any CPU
		{65C1CA0D-4AA1-4253-9E3E-2313569E066A}.Release|Any CPU.ActiveCfg = Release|Any CPU
		{65C1CA0D-4AA1-4253-9E3E-2313569E066A}.Release|Any CPU.Build.0 = Release|Any CPU
		{F34146E4-BD29-44E9-903D-CBBE7DBEF2FC}.Debug|Any CPU.ActiveCfg = Debug|Any CPU
		{F34146E4-BD29-44E9-903D-CBBE7DBEF2FC}.Debug|Any CPU.Build.0 = Debug|Any CPU
		{F34146E4-BD29-44E9-903D-CBBE7DBEF2FC}.Release|Any CPU.ActiveCfg = Release|Any CPU
		{F34146E4-BD29-44E9-903D-CBBE7DBEF2FC}.Release|Any CPU.Build.0 = Release|Any CPU
		{22FCD5E7-FEB9-46AF-B937-D4D0B1E24C65}.Debug|Any CPU.ActiveCfg = Debug|Any CPU
		{22FCD5E7-FEB9-46AF-B937-D4D0B1E24C65}.Debug|Any CPU.Build.0 = Debug|Any CPU
		{22FCD5E7-FEB9-46AF-B937-D4D0B1E24C65}.Release|Any CPU.ActiveCfg = Release|Any CPU
		{22FCD5E7-FEB9-46AF-B937-D4D0B1E24C65}.Release|Any CPU.Build.0 = Release|Any CPU
		{B669F76A-E35E-4EE7-A136-59CAD7FAC7B0}.Debug|Any CPU.ActiveCfg = Debug|Any CPU
		{B669F76A-E35E-4EE7-A136-59CAD7FAC7B0}.Debug|Any CPU.Build.0 = Debug|Any CPU
		{B669F76A-E35E-4EE7-A136-59CAD7FAC7B0}.Release|Any CPU.ActiveCfg = Release|Any CPU
		{B669F76A-E35E-4EE7-A136-59CAD7FAC7B0}.Release|Any CPU.Build.0 = Release|Any CPU
	EndGlobalSection
	GlobalSection(SolutionProperties) = preSolution
		HideSolutionNode = FALSE
	EndGlobalSection
	GlobalSection(ExtensibilityGlobals) = postSolution
		SolutionGuid = {137971A8-D4EE-4272-A0B7-7C64EC71974F}
	EndGlobalSection
EndGlobal
